{
  "requires": true,
  "lockfileVersion": 1,
  "dependencies": {
    "colors": {
      "version": "0.5.1",
      "resolved": "https://registry.npmjs.org/colors/-/colors-0.5.1.tgz",
      "integrity": "sha1-fQAj6usVTo7p/Oddy5I9DtFmd3Q="
    },
    "hooks": {
      "version": "0.1.9",
      "resolved": "https://registry.npmjs.org/hooks/-/hooks-0.1.9.tgz",
      "integrity": "sha1-X4Yd72kWpTBx1Cuk0OLaPnb8BLg="
    },
    "lion-lib-9996": {
      "version": "1.1.0",
      "resolved": "https://registry.npmjs.org/lion-lib-9996/-/lion-lib-9996-1.1.0.tgz",
      "integrity": "sha512-PT8nHaVd73P9HQHrcfBE9GiohcKLUQCA8kpxCXRdFaVTAb4b+86HMEWw3WWJhY2C0me7aEN7C7WDpHVXBcZJ/Q=="
    },
    "mongodb": {
      "version": "0.9.6-23",
      "resolved": "https://registry.npmjs.org/mongodb/-/mongodb-0.9.6-23.tgz",
      "integrity": "sha1-CYV6Bn240TPVOJkYUg4PbIH4qkQ="
    }
  }
}
