{
  "requires": true,
  "lockfileVersion": 1,
  "dependencies": {
    "colors": {
      "version": "0.5.0",
      "resolved": "https://registry.npmjs.org/colors/-/colors-0.5.0.tgz",
      "integrity": "sha1-rD7RJfzYzLuTm3lhF78F1fFcPmc="
    },
    "hooks": {
      "version": "0.1.9",
      "resolved": "https://registry.npmjs.org/hooks/-/hooks-0.1.9.tgz",
      "integrity": "sha1-X4Yd72kWpTBx1Cuk0OLaPnb8BLg="
    },
    "mongodb": {
      "version": "0.9.6-7",
      "resolved": "https://registry.npmjs.org/mongodb/-/mongodb-0.9.6-7.tgz",
      "integrity": "sha1-UE1Foluftnql3TWbaAnl3w5E1r8="
    }
  }
}
